
Microsoft Visual Studio Solution File, Format Version 12.00
# Visual Studio Version 17
VisualStudioVersion = 17.0.31903.59
MinimumVisualStudioVersion = 10.0.40219.1
Project("{FAE04EC0-301F-11D3-BF4B-00C04F79EFBC}") = "Sample2", "Sample2\Sample2.csproj", "{3E970EEF-EE3A-4A97-B895-7F24A5608BAE}"
EndProject
Project("{FAE04EC0-301F-11D3-BF4B-00C04F79EFBC}") = "Sample_Tests", "Sample_Tests\Sample_Tests.csproj", "{18FDB85D-BB70-44EC-89A9-CB703AC66A19}"
EndProject
Project("{FAE04EC0-301F-11D3-BF4B-00C04F79EFBC}") = "Sample1.Tests", "Sample1.Tests\Sample1.Tests.csproj", "{75397747-94DC-4D03-BA96-5922B006C041}"
EndProject
Global
	GlobalSection(SolutionConfigurationPlatforms) = preSolution
		Debug|Any CPU = Debug|Any CPU
		Release|Any CPU = Release|Any CPU
	EndGlobalSection
	GlobalSection(SolutionProperties) = preSolution
		HideSolutionNode = FALSE
	EndGlobalSection
	GlobalSection(ProjectConfigurationPlatforms) = postSolution
		{3E970EEF-EE3A-4A97-B895-7F24A5608BAE}.Debug|Any CPU.ActiveCfg = Debug|Any CPU
		{3E970EEF-EE3A-4A97-B895-7F24A5608BAE}.Debug|Any CPU.Build.0 = Debug|Any CPU
		{3E970EEF-EE3A-4A97-B895-7F24A5608BAE}.Release|Any CPU.ActiveCfg = Release|Any CPU
		{3E970EEF-EE3A-4A97-B895-7F24A5608BAE}.Release|Any CPU.Build.0 = Release|Any CPU
		{18FDB85D-BB70-44EC-89A9-CB703AC66A19}.Debug|Any CPU.ActiveCfg = Debug|Any CPU
		{18FDB85D-BB70-44EC-89A9-CB703AC66A19}.Debug|Any CPU.Build.0 = Debug|Any CPU
		{18FDB85D-BB70-44EC-89A9-CB703AC66A19}.Release|Any CPU.ActiveCfg = Release|Any CPU
		{18FDB85D-BB70-44EC-89A9-CB703AC66A19}.Release|Any CPU.Build.0 = Release|Any CPU
		{75397747-94DC-4D03-BA96-5922B006C041}.Debug|Any CPU.ActiveCfg = Debug|Any CPU
		{75397747-94DC-4D03-BA96-5922B006C041}.Debug|Any CPU.Build.0 = Debug|Any CPU
		{75397747-94DC-4D03-BA96-5922B006C041}.Release|Any CPU.ActiveCfg = Release|Any CPU
		{75397747-94DC-4D03-BA96-5922B006C041}.Release|Any CPU.Build.0 = Release|Any CPU
	EndGlobalSection
EndGlobal
